
Microsoft Visual Studio Solution File, Format Version 12.00
Project("{FAE04EC0-301F-11D3-BF4B-00C04F79EFBC}") = "Exam_09_07_2023", "Exam_09_07_2023\Exam_09_07_2023.csproj", "{0ABFEF4E-DAE3-43EC-9117-F6642CB52783}"
EndProject
Project("{FAE04EC0-301F-11D3-BF4B-00C04F79EFBC}") = "Exam_03_07_2023", "Exam_03_07_2023\Exam_03_07_2023.csproj", "{63563DBC-0580-48EE-A3D6-05F66D10A66F}"
EndProject
Global
	GlobalSection(SolutionConfigurationPlatforms) = preSolution
		Debug|Any CPU = Debug|Any CPU
		Release|Any CPU = Release|Any CPU
	EndGlobalSection
	GlobalSection(ProjectConfigurationPlatforms) = postSolution
		{0ABFEF4E-DAE3-43EC-9117-F6642CB52783}.Debug|Any CPU.ActiveCfg = Debug|Any CPU
		{0ABFEF4E-DAE3-43EC-9117-F6642CB52783}.Debug|Any CPU.Build.0 = Debug|Any CPU
		{0ABFEF4E-DAE3-43EC-9117-F6642CB52783}.Release|Any CPU.ActiveCfg = Release|Any CPU
		{0ABFEF4E-DAE3-43EC-9117-F6642CB52783}.Release|Any CPU.Build.0 = Release|Any CPU
		{63563DBC-0580-48EE-A3D6-05F66D10A66F}.Debug|Any CPU.ActiveCfg = Debug|Any CPU
		{63563DBC-0580-48EE-A3D6-05F66D10A66F}.Debug|Any CPU.Build.0 = Debug|Any CPU
		{63563DBC-0580-48EE-A3D6-05F66D10A66F}.Release|Any CPU.ActiveCfg = Release|Any CPU
		{63563DBC-0580-48EE-A3D6-05F66D10A66F}.Release|Any CPU.Build.0 = Release|Any CPU
	EndGlobalSection
EndGlobal
